
Microsoft Visual Studio Solution File, Format Version 12.00
# Visual Studio 15
VisualStudioVersion = 15.0.28307.902
MinimumVisualStudioVersion = 10.0.40219.1
Project("{FAE04EC0-301F-11D3-BF4B-00C04F79EFBC}") = "MvcOnlineTicariOtomasyon", "MvcOnlineTicariOtomasyon\MvcOnlineTicariOtomasyon.csproj", "{3B29C955-7983-44D8-BDF8-299762BCD21A}"
EndProject
Global
	GlobalSection(SolutionConfigurationPlatforms) = preSolution
		Debug|Any CPU = Debug|Any CPU
		Release|Any CPU = Release|Any CPU
	EndGlobalSection
	GlobalSection(ProjectConfigurationPlatforms) = postSolution
		{3B29C955-7983-44D8-BDF8-299762BCD21A}.Debug|Any CPU.ActiveCfg = Debug|Any CPU
		{3B29C955-7983-44D8-BDF8-299762BCD21A}.Debug|Any CPU.Build.0 = Debug|Any CPU
		{3B29C955-7983-44D8-BDF8-299762BCD21A}.Release|Any CPU.ActiveCfg = Release|Any CPU
		{3B29C955-7983-44D8-BDF8-299762BCD21A}.Release|Any CPU.Build.0 = Release|Any CPU
	EndGlobalSection
	GlobalSection(SolutionProperties) = preSolution
		HideSolutionNode = FALSE
	EndGlobalSection
	GlobalSection(ExtensibilityGlobals) = postSolution
		SolutionGuid = {A5ABC96F-80FB-4EC5-9989-D6C5F75BBB3B}
	EndGlobalSection
EndGlobal
